<Solution>
  <Project Path="PasswordManager.Api/PasswordManager.Api.csproj" />
  <Project Path="PasswordManager.Core/PasswordManager.Core.csproj" />
  <Project Path="PasswordManager.DTOs/PasswordManager.DTOs.csproj" />
  <Project Path="PasswordManager.Infrastructure/PasswordManager.Infrastructure.csproj" />
  <Project Path="PasswordManager.Tests/PasswordManager.Tests.csproj" />
</Solution>
